
Microsoft Visual Studio Solution File, Format Version 12.00
# Visual Studio Version 17
VisualStudioVersion = 17.8.0.0
MinimumVisualStudioVersion = 17.8.0.0
Project("{9A19103F-16F7-4668-BE54-9A1E7A4F7556}") = "InternationalCenter.AppHost", "InternationalCenter.AppHost\InternationalCenter.AppHost.csproj", "{3FB0154D-5E51-4118-8B40-3E34BAA29801}"
EndProject
Project("{9A19103F-16F7-4668-BE54-9A1E7A4F7556}") = "InternationalCenter.ServiceDefaults", "InternationalCenter.ServiceDefaults\InternationalCenter.ServiceDefaults.csproj", "{336643D9-D06E-4F9C-B382-185BF1143A64}"
EndProject
Project("{FAE04EC0-301F-11D3-BF4B-00C04F79EFBC}") = "InternationalCenter.Services.Public.Api", "InternationalCenter.Services.Public.Api\InternationalCenter.Services.Public.Api.csproj", "{680E9DDF-CA97-4F00-9481-EB40F05F622F}"
EndProject
Project("{FAE04EC0-301F-11D3-BF4B-00C04F79EFBC}") = "InternationalCenter.News.Api", "InternationalCenter.News.Api\InternationalCenter.News.Api.csproj", "{EAB16EC6-B242-4D4E-AA1A-AD3AC0B87DC8}"
EndProject
Project("{FAE04EC0-301F-11D3-BF4B-00C04F79EFBC}") = "InternationalCenter.Research.Api", "InternationalCenter.Research.Api\InternationalCenter.Research.Api.csproj", "{CC57C634-AB83-4CF2-A9C7-70C42A62E497}"
EndProject
Project("{FAE04EC0-301F-11D3-BF4B-00C04F79EFBC}") = "InternationalCenter.Contacts.Api", "InternationalCenter.Contacts.Api\InternationalCenter.Contacts.Api.csproj", "{88197B57-6073-42EF-865A-3CA4DA205919}"
EndProject
Project("{FAE04EC0-301F-11D3-BF4B-00C04F79EFBC}") = "InternationalCenter.Search.Api", "InternationalCenter.Search.Api\InternationalCenter.Search.Api.csproj", "{E8B23EFD-EAEB-4DE4-83A6-8C8B7C8C09C1}"
EndProject
Project("{FAE04EC0-301F-11D3-BF4B-00C04F79EFBC}") = "InternationalCenter.Newsletter.Api", "InternationalCenter.Newsletter.Api\InternationalCenter.Newsletter.Api.csproj", "{0D920135-428A-40F5-89D6-BD8D6D8B30E4}"
EndProject
Project("{FAE04EC0-301F-11D3-BF4B-00C04F79EFBC}") = "InternationalCenter.Events.Api", "InternationalCenter.Events.Api\InternationalCenter.Events.Api.csproj", "{9A0D5025-FC5D-4ADF-B7D5-69D15430E216}"
EndProject
Project("{FAE04EC0-301F-11D3-BF4B-00C04F79EFBC}") = "InternationalCenter.Shared", "InternationalCenter.Shared\InternationalCenter.Shared.csproj", "{884717CC-B8AD-453E-8141-57393D83A40A}"
EndProject
Project("{FAE04EC0-301F-11D3-BF4B-00C04F79EFBC}") = "InternationalCenter.Migrations.Service", "InternationalCenter.Migrations.Service\InternationalCenter.Migrations.Service.csproj", "{74EEA0E8-254F-44DB-A4BD-BDEC6DA8010B}"
EndProject
Project("{FAE04EC0-301F-11D3-BF4B-00C04F79EFBC}") = "InternationalCenter.Tests.Shared", "InternationalCenter.Tests.Shared\InternationalCenter.Tests.Shared.csproj", "{6D334206-D166-415D-BC32-F3EAD0BE2060}"
EndProject
Project("{FAE04EC0-301F-11D3-BF4B-00C04F79EFBC}") = "InternationalCenter.Services.Public.Api.Tests.Unit", "InternationalCenter.Services.Public.Api.Tests.Unit\InternationalCenter.Services.Public.Api.Tests.Unit.csproj", "{02AD581C-789B-411D-9264-0B16BE646DD2}"
EndProject
Project("{FAE04EC0-301F-11D3-BF4B-00C04F79EFBC}") = "InternationalCenter.Services.Public.Api.Tests.Integration", "InternationalCenter.Services.Public.Api.Tests.Integration\InternationalCenter.Services.Public.Api.Tests.Integration.csproj", "{A1B2C3D4-E5F6-7890-1234-567890ABCDEF}"
EndProject
Project("{FAE04EC0-301F-11D3-BF4B-00C04F79EFBC}") = "InternationalCenter.Services.Public.Api.Tests.EndToEnd", "InternationalCenter.Services.Public.Api.Tests.EndToEnd\InternationalCenter.Services.Public.Api.Tests.EndToEnd.csproj", "{B2C3D4E5-F6A7-8901-2345-6789ABCDEF01}"
EndProject
Project("{FAE04EC0-301F-11D3-BF4B-00C04F79EFBC}") = "InternationalCenter.Tests.EndToEnd", "InternationalCenter.Tests.EndToEnd\InternationalCenter.Tests.EndToEnd.csproj", "{F7601778-CB62-A22E-F159-DF4BEAE1B803}"
EndProject
Project("{FAE04EC0-301F-11D3-BF4B-00C04F79EFBC}") = "InternationalCenter.Services.Admin.Api", "InternationalCenter.Services.Admin.Api\InternationalCenter.Services.Admin.Api.csproj", "{F41D9E25-98B9-448C-A66D-2890CC7B6371}"
EndProject
Project("{FAE04EC0-301F-11D3-BF4B-00C04F79EFBC}") = "InternationalCenter.Services.Admin.Api.Tests.Integration", "InternationalCenter.Services.Admin.Api.Tests.Integration\InternationalCenter.Services.Admin.Api.Tests.Integration.csproj", "{23149893-E8A3-437C-B2A3-F9266010889C}"
EndProject
Project("{FAE04EC0-301F-11D3-BF4B-00C04F79EFBC}") = "InternationalCenter.Services.Admin.Api.Tests.Unit", "InternationalCenter.Services.Admin.Api.Tests.Unit\InternationalCenter.Services.Admin.Api.Tests.Unit.csproj", "{9825867E-279F-4122-B8A5-D49A9DF9580C}"
EndProject
Project("{FAE04EC0-301F-11D3-BF4B-00C04F79EFBC}") = "InternationalCenter.Infrastructure.Tests.Integration", "InternationalCenter.Infrastructure.Tests.Integration\InternationalCenter.Infrastructure.Tests.Integration.csproj", "{C1D2E3F4-5678-90AB-CDEF-123456789012}"
EndProject
Project("{FAE04EC0-301F-11D3-BF4B-00C04F79EFBC}") = "InternationalCenter.Migrations.Tests.Integration", "InternationalCenter.Migrations.Tests.Integration\InternationalCenter.Migrations.Tests.Integration.csproj", "{D2E3F4C5-6789-01BC-DEF1-234567890123}"
EndProject
Project("{FAE04EC0-301F-11D3-BF4B-00C04F79EFBC}") = "InternationalCenter.News.Migrations.Service", "InternationalCenter.News.Migrations.Service\InternationalCenter.News.Migrations.Service.csproj", "{E3F4C5D6-789A-12CD-EF12-345678901234}"
EndProject
Project("{FAE04EC0-301F-11D3-BF4B-00C04F79EFBC}") = "InternationalCenter.Services.Migrations.Service", "InternationalCenter.Services.Migrations.Service\InternationalCenter.Services.Migrations.Service.csproj", "{F4C5D6E7-890B-23DE-F123-456789012345}"
EndProject
Project("{FAE04EC0-301F-11D3-BF4B-00C04F79EFBC}") = "InternationalCenter.Services.Domain", "InternationalCenter.Services.Domain\InternationalCenter.Services.Domain.csproj", "{5C72A714-FD1C-44F3-942B-0285C48C6C3F}"
EndProject
Global
	GlobalSection(SolutionConfigurationPlatforms) = preSolution
		Debug|Any CPU = Debug|Any CPU
		Debug|x64 = Debug|x64
		Debug|x86 = Debug|x86
		Release|Any CPU = Release|Any CPU
		Release|x64 = Release|x64
		Release|x86 = Release|x86
	EndGlobalSection
	GlobalSection(ProjectConfigurationPlatforms) = postSolution
		{3FB0154D-5E51-4118-8B40-3E34BAA29801}.Debug|Any CPU.ActiveCfg = Debug|Any CPU
		{3FB0154D-5E51-4118-8B40-3E34BAA29801}.Debug|Any CPU.Build.0 = Debug|Any CPU
		{3FB0154D-5E51-4118-8B40-3E34BAA29801}.Debug|x64.ActiveCfg = Debug|Any CPU
		{3FB0154D-5E51-4118-8B40-3E34BAA29801}.Debug|x64.Build.0 = Debug|Any CPU
		{3FB0154D-5E51-4118-8B40-3E34BAA29801}.Debug|x86.ActiveCfg = Debug|Any CPU
		{3FB0154D-5E51-4118-8B40-3E34BAA29801}.Debug|x86.Build.0 = Debug|Any CPU
		{3FB0154D-5E51-4118-8B40-3E34BAA29801}.Release|Any CPU.ActiveCfg = Release|Any CPU
		{3FB0154D-5E51-4118-8B40-3E34BAA29801}.Release|Any CPU.Build.0 = Release|Any CPU
		{3FB0154D-5E51-4118-8B40-3E34BAA29801}.Release|x64.ActiveCfg = Release|Any CPU
		{3FB0154D-5E51-4118-8B40-3E34BAA29801}.Release|x64.Build.0 = Release|Any CPU
		{3FB0154D-5E51-4118-8B40-3E34BAA29801}.Release|x86.ActiveCfg = Release|Any CPU
		{3FB0154D-5E51-4118-8B40-3E34BAA29801}.Release|x86.Build.0 = Release|Any CPU
		{336643D9-D06E-4F9C-B382-185BF1143A64}.Debug|Any CPU.ActiveCfg = Debug|Any CPU
		{336643D9-D06E-4F9C-B382-185BF1143A64}.Debug|Any CPU.Build.0 = Debug|Any CPU
		{336643D9-D06E-4F9C-B382-185BF1143A64}.Debug|x64.ActiveCfg = Debug|Any CPU
		{336643D9-D06E-4F9C-B382-185BF1143A64}.Debug|x64.Build.0 = Debug|Any CPU
		{336643D9-D06E-4F9C-B382-185BF1143A64}.Debug|x86.ActiveCfg = Debug|Any CPU
		{336643D9-D06E-4F9C-B382-185BF1143A64}.Debug|x86.Build.0 = Debug|Any CPU
		{336643D9-D06E-4F9C-B382-185BF1143A64}.Release|Any CPU.ActiveCfg = Release|Any CPU
		{336643D9-D06E-4F9C-B382-185BF1143A64}.Release|Any CPU.Build.0 = Release|Any CPU
		{336643D9-D06E-4F9C-B382-185BF1143A64}.Release|x64.ActiveCfg = Release|Any CPU
		{336643D9-D06E-4F9C-B382-185BF1143A64}.Release|x64.Build.0 = Release|Any CPU
		{336643D9-D06E-4F9C-B382-185BF1143A64}.Release|x86.ActiveCfg = Release|Any CPU
		{336643D9-D06E-4F9C-B382-185BF1143A64}.Release|x86.Build.0 = Release|Any CPU
		{680E9DDF-CA97-4F00-9481-EB40F05F622F}.Debug|Any CPU.ActiveCfg = Debug|Any CPU
		{680E9DDF-CA97-4F00-9481-EB40F05F622F}.Debug|Any CPU.Build.0 = Debug|Any CPU
		{680E9DDF-CA97-4F00-9481-EB40F05F622F}.Debug|x64.ActiveCfg = Debug|Any CPU
		{680E9DDF-CA97-4F00-9481-EB40F05F622F}.Debug|x64.Build.0 = Debug|Any CPU
		{680E9DDF-CA97-4F00-9481-EB40F05F622F}.Debug|x86.ActiveCfg = Debug|Any CPU
		{680E9DDF-CA97-4F00-9481-EB40F05F622F}.Debug|x86.Build.0 = Debug|Any CPU
		{680E9DDF-CA97-4F00-9481-EB40F05F622F}.Release|Any CPU.ActiveCfg = Release|Any CPU
		{680E9DDF-CA97-4F00-9481-EB40F05F622F}.Release|Any CPU.Build.0 = Release|Any CPU
		{680E9DDF-CA97-4F00-9481-EB40F05F622F}.Release|x64.ActiveCfg = Release|Any CPU
		{680E9DDF-CA97-4F00-9481-EB40F05F622F}.Release|x64.Build.0 = Release|Any CPU
		{680E9DDF-CA97-4F00-9481-EB40F05F622F}.Release|x86.ActiveCfg = Release|Any CPU
		{680E9DDF-CA97-4F00-9481-EB40F05F622F}.Release|x86.Build.0 = Release|Any CPU
		{EAB16EC6-B242-4D4E-AA1A-AD3AC0B87DC8}.Debug|Any CPU.ActiveCfg = Debug|Any CPU
		{EAB16EC6-B242-4D4E-AA1A-AD3AC0B87DC8}.Debug|Any CPU.Build.0 = Debug|Any CPU
		{EAB16EC6-B242-4D4E-AA1A-AD3AC0B87DC8}.Debug|x64.ActiveCfg = Debug|Any CPU
		{EAB16EC6-B242-4D4E-AA1A-AD3AC0B87DC8}.Debug|x64.Build.0 = Debug|Any CPU
		{EAB16EC6-B242-4D4E-AA1A-AD3AC0B87DC8}.Debug|x86.ActiveCfg = Debug|Any CPU
		{EAB16EC6-B242-4D4E-AA1A-AD3AC0B87DC8}.Debug|x86.Build.0 = Debug|Any CPU
		{EAB16EC6-B242-4D4E-AA1A-AD3AC0B87DC8}.Release|Any CPU.ActiveCfg = Release|Any CPU
		{EAB16EC6-B242-4D4E-AA1A-AD3AC0B87DC8}.Release|Any CPU.Build.0 = Release|Any CPU
		{EAB16EC6-B242-4D4E-AA1A-AD3AC0B87DC8}.Release|x64.ActiveCfg = Release|Any CPU
		{EAB16EC6-B242-4D4E-AA1A-AD3AC0B87DC8}.Release|x64.Build.0 = Release|Any CPU
		{EAB16EC6-B242-4D4E-AA1A-AD3AC0B87DC8}.Release|x86.ActiveCfg = Release|Any CPU
		{EAB16EC6-B242-4D4E-AA1A-AD3AC0B87DC8}.Release|x86.Build.0 = Release|Any CPU
		{CC57C634-AB83-4CF2-A9C7-70C42A62E497}.Debug|Any CPU.ActiveCfg = Debug|Any CPU
		{CC57C634-AB83-4CF2-A9C7-70C42A62E497}.Debug|Any CPU.Build.0 = Debug|Any CPU
		{CC57C634-AB83-4CF2-A9C7-70C42A62E497}.Debug|x64.ActiveCfg = Debug|Any CPU
		{CC57C634-AB83-4CF2-A9C7-70C42A62E497}.Debug|x64.Build.0 = Debug|Any CPU
		{CC57C634-AB83-4CF2-A9C7-70C42A62E497}.Debug|x86.ActiveCfg = Debug|Any CPU
		{CC57C634-AB83-4CF2-A9C7-70C42A62E497}.Debug|x86.Build.0 = Debug|Any CPU
		{CC57C634-AB83-4CF2-A9C7-70C42A62E497}.Release|Any CPU.ActiveCfg = Release|Any CPU
		{CC57C634-AB83-4CF2-A9C7-70C42A62E497}.Release|Any CPU.Build.0 = Release|Any CPU
		{CC57C634-AB83-4CF2-A9C7-70C42A62E497}.Release|x64.ActiveCfg = Release|Any CPU
		{CC57C634-AB83-4CF2-A9C7-70C42A62E497}.Release|x64.Build.0 = Release|Any CPU
		{CC57C634-AB83-4CF2-A9C7-70C42A62E497}.Release|x86.ActiveCfg = Release|Any CPU
		{CC57C634-AB83-4CF2-A9C7-70C42A62E497}.Release|x86.Build.0 = Release|Any CPU
		{88197B57-6073-42EF-865A-3CA4DA205919}.Debug|Any CPU.ActiveCfg = Debug|Any CPU
		{88197B57-6073-42EF-865A-3CA4DA205919}.Debug|Any CPU.Build.0 = Debug|Any CPU
		{88197B57-6073-42EF-865A-3CA4DA205919}.Debug|x64.ActiveCfg = Debug|Any CPU
		{88197B57-6073-42EF-865A-3CA4DA205919}.Debug|x64.Build.0 = Debug|Any CPU
		{88197B57-6073-42EF-865A-3CA4DA205919}.Debug|x86.ActiveCfg = Debug|Any CPU
		{88197B57-6073-42EF-865A-3CA4DA205919}.Debug|x86.Build.0 = Debug|Any CPU
		{88197B57-6073-42EF-865A-3CA4DA205919}.Release|Any CPU.ActiveCfg = Release|Any CPU
		{88197B57-6073-42EF-865A-3CA4DA205919}.Release|Any CPU.Build.0 = Release|Any CPU
		{88197B57-6073-42EF-865A-3CA4DA205919}.Release|x64.ActiveCfg = Release|Any CPU
		{88197B57-6073-42EF-865A-3CA4DA205919}.Release|x64.Build.0 = Release|Any CPU
		{88197B57-6073-42EF-865A-3CA4DA205919}.Release|x86.ActiveCfg = Release|Any CPU
		{88197B57-6073-42EF-865A-3CA4DA205919}.Release|x86.Build.0 = Release|Any CPU
		{E8B23EFD-EAEB-4DE4-83A6-8C8B7C8C09C1}.Debug|Any CPU.ActiveCfg = Debug|Any CPU
		{E8B23EFD-EAEB-4DE4-83A6-8C8B7C8C09C1}.Debug|Any CPU.Build.0 = Debug|Any CPU
		{E8B23EFD-EAEB-4DE4-83A6-8C8B7C8C09C1}.Debug|x64.ActiveCfg = Debug|Any CPU
		{E8B23EFD-EAEB-4DE4-83A6-8C8B7C8C09C1}.Debug|x64.Build.0 = Debug|Any CPU
		{E8B23EFD-EAEB-4DE4-83A6-8C8B7C8C09C1}.Debug|x86.ActiveCfg = Debug|Any CPU
		{E8B23EFD-EAEB-4DE4-83A6-8C8B7C8C09C1}.Debug|x86.Build.0 = Debug|Any CPU
		{E8B23EFD-EAEB-4DE4-83A6-8C8B7C8C09C1}.Release|Any CPU.ActiveCfg = Release|Any CPU
		{E8B23EFD-EAEB-4DE4-83A6-8C8B7C8C09C1}.Release|Any CPU.Build.0 = Release|Any CPU
		{E8B23EFD-EAEB-4DE4-83A6-8C8B7C8C09C1}.Release|x64.ActiveCfg = Release|Any CPU
		{E8B23EFD-EAEB-4DE4-83A6-8C8B7C8C09C1}.Release|x64.Build.0 = Release|Any CPU
		{E8B23EFD-EAEB-4DE4-83A6-8C8B7C8C09C1}.Release|x86.ActiveCfg = Release|Any CPU
		{E8B23EFD-EAEB-4DE4-83A6-8C8B7C8C09C1}.Release|x86.Build.0 = Release|Any CPU
		{0D920135-428A-40F5-89D6-BD8D6D8B30E4}.Debug|Any CPU.ActiveCfg = Debug|Any CPU
		{0D920135-428A-40F5-89D6-BD8D6D8B30E4}.Debug|Any CPU.Build.0 = Debug|Any CPU
		{0D920135-428A-40F5-89D6-BD8D6D8B30E4}.Debug|x64.ActiveCfg = Debug|Any CPU
		{0D920135-428A-40F5-89D6-BD8D6D8B30E4}.Debug|x64.Build.0 = Debug|Any CPU
		{0D920135-428A-40F5-89D6-BD8D6D8B30E4}.Debug|x86.ActiveCfg = Debug|Any CPU
		{0D920135-428A-40F5-89D6-BD8D6D8B30E4}.Debug|x86.Build.0 = Debug|Any CPU
		{0D920135-428A-40F5-89D6-BD8D6D8B30E4}.Release|Any CPU.ActiveCfg = Release|Any CPU
		{0D920135-428A-40F5-89D6-BD8D6D8B30E4}.Release|Any CPU.Build.0 = Release|Any CPU
		{0D920135-428A-40F5-89D6-BD8D6D8B30E4}.Release|x64.ActiveCfg = Release|Any CPU
		{0D920135-428A-40F5-89D6-BD8D6D8B30E4}.Release|x64.Build.0 = Release|Any CPU
		{0D920135-428A-40F5-89D6-BD8D6D8B30E4}.Release|x86.ActiveCfg = Release|Any CPU
		{0D920135-428A-40F5-89D6-BD8D6D8B30E4}.Release|x86.Build.0 = Release|Any CPU
		{9A0D5025-FC5D-4ADF-B7D5-69D15430E216}.Debug|Any CPU.ActiveCfg = Debug|Any CPU
		{9A0D5025-FC5D-4ADF-B7D5-69D15430E216}.Debug|Any CPU.Build.0 = Debug|Any CPU
		{9A0D5025-FC5D-4ADF-B7D5-69D15430E216}.Debug|x64.ActiveCfg = Debug|Any CPU
		{9A0D5025-FC5D-4ADF-B7D5-69D15430E216}.Debug|x64.Build.0 = Debug|Any CPU
		{9A0D5025-FC5D-4ADF-B7D5-69D15430E216}.Debug|x86.ActiveCfg = Debug|Any CPU
		{9A0D5025-FC5D-4ADF-B7D5-69D15430E216}.Debug|x86.Build.0 = Debug|Any CPU
		{9A0D5025-FC5D-4ADF-B7D5-69D15430E216}.Release|Any CPU.ActiveCfg = Release|Any CPU
		{9A0D5025-FC5D-4ADF-B7D5-69D15430E216}.Release|Any CPU.Build.0 = Release|Any CPU
		{9A0D5025-FC5D-4ADF-B7D5-69D15430E216}.Release|x64.ActiveCfg = Release|Any CPU
		{9A0D5025-FC5D-4ADF-B7D5-69D15430E216}.Release|x64.Build.0 = Release|Any CPU
		{9A0D5025-FC5D-4ADF-B7D5-69D15430E216}.Release|x86.ActiveCfg = Release|Any CPU
		{9A0D5025-FC5D-4ADF-B7D5-69D15430E216}.Release|x86.Build.0 = Release|Any CPU
		{884717CC-B8AD-453E-8141-57393D83A40A}.Debug|Any CPU.ActiveCfg = Debug|Any CPU
		{884717CC-B8AD-453E-8141-57393D83A40A}.Debug|Any CPU.Build.0 = Debug|Any CPU
		{884717CC-B8AD-453E-8141-57393D83A40A}.Debug|x64.ActiveCfg = Debug|Any CPU
		{884717CC-B8AD-453E-8141-57393D83A40A}.Debug|x64.Build.0 = Debug|Any CPU
		{884717CC-B8AD-453E-8141-57393D83A40A}.Debug|x86.ActiveCfg = Debug|Any CPU
		{884717CC-B8AD-453E-8141-57393D83A40A}.Debug|x86.Build.0 = Debug|Any CPU
		{884717CC-B8AD-453E-8141-57393D83A40A}.Release|Any CPU.ActiveCfg = Release|Any CPU
		{884717CC-B8AD-453E-8141-57393D83A40A}.Release|Any CPU.Build.0 = Release|Any CPU
		{884717CC-B8AD-453E-8141-57393D83A40A}.Release|x64.ActiveCfg = Release|Any CPU
		{884717CC-B8AD-453E-8141-57393D83A40A}.Release|x64.Build.0 = Release|Any CPU
		{884717CC-B8AD-453E-8141-57393D83A40A}.Release|x86.ActiveCfg = Release|Any CPU
		{884717CC-B8AD-453E-8141-57393D83A40A}.Release|x86.Build.0 = Release|Any CPU
		{74EEA0E8-254F-44DB-A4BD-BDEC6DA8010B}.Debug|Any CPU.ActiveCfg = Debug|Any CPU
		{74EEA0E8-254F-44DB-A4BD-BDEC6DA8010B}.Debug|Any CPU.Build.0 = Debug|Any CPU
		{74EEA0E8-254F-44DB-A4BD-BDEC6DA8010B}.Debug|x64.ActiveCfg = Debug|Any CPU
		{74EEA0E8-254F-44DB-A4BD-BDEC6DA8010B}.Debug|x64.Build.0 = Debug|Any CPU
		{74EEA0E8-254F-44DB-A4BD-BDEC6DA8010B}.Debug|x86.ActiveCfg = Debug|Any CPU
		{74EEA0E8-254F-44DB-A4BD-BDEC6DA8010B}.Debug|x86.Build.0 = Debug|Any CPU
		{74EEA0E8-254F-44DB-A4BD-BDEC6DA8010B}.Release|Any CPU.ActiveCfg = Release|Any CPU
		{74EEA0E8-254F-44DB-A4BD-BDEC6DA8010B}.Release|Any CPU.Build.0 = Release|Any CPU
		{74EEA0E8-254F-44DB-A4BD-BDEC6DA8010B}.Release|x64.ActiveCfg = Release|Any CPU
		{74EEA0E8-254F-44DB-A4BD-BDEC6DA8010B}.Release|x64.Build.0 = Release|Any CPU
		{74EEA0E8-254F-44DB-A4BD-BDEC6DA8010B}.Release|x86.ActiveCfg = Release|Any CPU
		{74EEA0E8-254F-44DB-A4BD-BDEC6DA8010B}.Release|x86.Build.0 = Release|Any CPU
		{6D334206-D166-415D-BC32-F3EAD0BE2060}.Debug|Any CPU.ActiveCfg = Debug|Any CPU
		{6D334206-D166-415D-BC32-F3EAD0BE2060}.Debug|Any CPU.Build.0 = Debug|Any CPU
		{6D334206-D166-415D-BC32-F3EAD0BE2060}.Debug|x64.ActiveCfg = Debug|Any CPU
		{6D334206-D166-415D-BC32-F3EAD0BE2060}.Debug|x64.Build.0 = Debug|Any CPU
		{6D334206-D166-415D-BC32-F3EAD0BE2060}.Debug|x86.ActiveCfg = Debug|Any CPU
		{6D334206-D166-415D-BC32-F3EAD0BE2060}.Debug|x86.Build.0 = Debug|Any CPU
		{6D334206-D166-415D-BC32-F3EAD0BE2060}.Release|Any CPU.ActiveCfg = Release|Any CPU
		{6D334206-D166-415D-BC32-F3EAD0BE2060}.Release|Any CPU.Build.0 = Release|Any CPU
		{6D334206-D166-415D-BC32-F3EAD0BE2060}.Release|x64.ActiveCfg = Release|Any CPU
		{6D334206-D166-415D-BC32-F3EAD0BE2060}.Release|x64.Build.0 = Release|Any CPU
		{6D334206-D166-415D-BC32-F3EAD0BE2060}.Release|x86.ActiveCfg = Release|Any CPU
		{6D334206-D166-415D-BC32-F3EAD0BE2060}.Release|x86.Build.0 = Release|Any CPU
		{02AD581C-789B-411D-9264-0B16BE646DD2}.Debug|Any CPU.ActiveCfg = Debug|Any CPU
		{02AD581C-789B-411D-9264-0B16BE646DD2}.Debug|Any CPU.Build.0 = Debug|Any CPU
		{02AD581C-789B-411D-9264-0B16BE646DD2}.Debug|x64.ActiveCfg = Debug|Any CPU
		{02AD581C-789B-411D-9264-0B16BE646DD2}.Debug|x64.Build.0 = Debug|Any CPU
		{02AD581C-789B-411D-9264-0B16BE646DD2}.Debug|x86.ActiveCfg = Debug|Any CPU
		{02AD581C-789B-411D-9264-0B16BE646DD2}.Debug|x86.Build.0 = Debug|Any CPU
		{02AD581C-789B-411D-9264-0B16BE646DD2}.Release|Any CPU.ActiveCfg = Release|Any CPU
		{02AD581C-789B-411D-9264-0B16BE646DD2}.Release|Any CPU.Build.0 = Release|Any CPU
		{02AD581C-789B-411D-9264-0B16BE646DD2}.Release|x64.ActiveCfg = Release|Any CPU
		{02AD581C-789B-411D-9264-0B16BE646DD2}.Release|x64.Build.0 = Release|Any CPU
		{02AD581C-789B-411D-9264-0B16BE646DD2}.Release|x86.ActiveCfg = Release|Any CPU
		{02AD581C-789B-411D-9264-0B16BE646DD2}.Release|x86.Build.0 = Release|Any CPU
		{A1B2C3D4-E5F6-7890-1234-567890ABCDEF}.Debug|Any CPU.ActiveCfg = Debug|Any CPU
		{A1B2C3D4-E5F6-7890-1234-567890ABCDEF}.Debug|Any CPU.Build.0 = Debug|Any CPU
		{A1B2C3D4-E5F6-7890-1234-567890ABCDEF}.Debug|x64.ActiveCfg = Debug|Any CPU
		{A1B2C3D4-E5F6-7890-1234-567890ABCDEF}.Debug|x64.Build.0 = Debug|Any CPU
		{A1B2C3D4-E5F6-7890-1234-567890ABCDEF}.Debug|x86.ActiveCfg = Debug|Any CPU
		{A1B2C3D4-E5F6-7890-1234-567890ABCDEF}.Debug|x86.Build.0 = Debug|Any CPU
		{A1B2C3D4-E5F6-7890-1234-567890ABCDEF}.Release|Any CPU.ActiveCfg = Release|Any CPU
		{A1B2C3D4-E5F6-7890-1234-567890ABCDEF}.Release|Any CPU.Build.0 = Release|Any CPU
		{A1B2C3D4-E5F6-7890-1234-567890ABCDEF}.Release|x64.ActiveCfg = Release|Any CPU
		{A1B2C3D4-E5F6-7890-1234-567890ABCDEF}.Release|x64.Build.0 = Release|Any CPU
		{A1B2C3D4-E5F6-7890-1234-567890ABCDEF}.Release|x86.ActiveCfg = Release|Any CPU
		{A1B2C3D4-E5F6-7890-1234-567890ABCDEF}.Release|x86.Build.0 = Release|Any CPU
		{B2C3D4E5-F6A7-8901-2345-6789ABCDEF01}.Debug|Any CPU.ActiveCfg = Debug|Any CPU
		{B2C3D4E5-F6A7-8901-2345-6789ABCDEF01}.Debug|Any CPU.Build.0 = Debug|Any CPU
		{B2C3D4E5-F6A7-8901-2345-6789ABCDEF01}.Debug|x64.ActiveCfg = Debug|Any CPU
		{B2C3D4E5-F6A7-8901-2345-6789ABCDEF01}.Debug|x64.Build.0 = Debug|Any CPU
		{B2C3D4E5-F6A7-8901-2345-6789ABCDEF01}.Debug|x86.ActiveCfg = Debug|Any CPU
		{B2C3D4E5-F6A7-8901-2345-6789ABCDEF01}.Debug|x86.Build.0 = Debug|Any CPU
		{B2C3D4E5-F6A7-8901-2345-6789ABCDEF01}.Release|Any CPU.ActiveCfg = Release|Any CPU
		{B2C3D4E5-F6A7-8901-2345-6789ABCDEF01}.Release|Any CPU.Build.0 = Release|Any CPU
		{B2C3D4E5-F6A7-8901-2345-6789ABCDEF01}.Release|x64.ActiveCfg = Release|Any CPU
		{B2C3D4E5-F6A7-8901-2345-6789ABCDEF01}.Release|x64.Build.0 = Release|Any CPU
		{B2C3D4E5-F6A7-8901-2345-6789ABCDEF01}.Release|x86.ActiveCfg = Release|Any CPU
		{B2C3D4E5-F6A7-8901-2345-6789ABCDEF01}.Release|x86.Build.0 = Release|Any CPU
		{F41D9E25-98B9-448C-A66D-2890CC7B6371}.Debug|Any CPU.ActiveCfg = Debug|Any CPU
		{F41D9E25-98B9-448C-A66D-2890CC7B6371}.Debug|Any CPU.Build.0 = Debug|Any CPU
		{F41D9E25-98B9-448C-A66D-2890CC7B6371}.Debug|x64.ActiveCfg = Debug|Any CPU
		{F41D9E25-98B9-448C-A66D-2890CC7B6371}.Debug|x64.Build.0 = Debug|Any CPU
		{F41D9E25-98B9-448C-A66D-2890CC7B6371}.Debug|x86.ActiveCfg = Debug|Any CPU
		{F41D9E25-98B9-448C-A66D-2890CC7B6371}.Debug|x86.Build.0 = Debug|Any CPU
		{F41D9E25-98B9-448C-A66D-2890CC7B6371}.Release|Any CPU.ActiveCfg = Release|Any CPU
		{F41D9E25-98B9-448C-A66D-2890CC7B6371}.Release|Any CPU.Build.0 = Release|Any CPU
		{F41D9E25-98B9-448C-A66D-2890CC7B6371}.Release|x64.ActiveCfg = Release|Any CPU
		{F41D9E25-98B9-448C-A66D-2890CC7B6371}.Release|x64.Build.0 = Release|Any CPU
		{F41D9E25-98B9-448C-A66D-2890CC7B6371}.Release|x86.ActiveCfg = Release|Any CPU
		{F41D9E25-98B9-448C-A66D-2890CC7B6371}.Release|x86.Build.0 = Release|Any CPU
		{23149893-E8A3-437C-B2A3-F9266010889C}.Debug|Any CPU.ActiveCfg = Debug|Any CPU
		{23149893-E8A3-437C-B2A3-F9266010889C}.Debug|Any CPU.Build.0 = Debug|Any CPU
		{23149893-E8A3-437C-B2A3-F9266010889C}.Debug|x64.ActiveCfg = Debug|Any CPU
		{23149893-E8A3-437C-B2A3-F9266010889C}.Debug|x64.Build.0 = Debug|Any CPU
		{23149893-E8A3-437C-B2A3-F9266010889C}.Debug|x86.ActiveCfg = Debug|Any CPU
		{23149893-E8A3-437C-B2A3-F9266010889C}.Debug|x86.Build.0 = Debug|Any CPU
		{23149893-E8A3-437C-B2A3-F9266010889C}.Release|Any CPU.ActiveCfg = Release|Any CPU
		{23149893-E8A3-437C-B2A3-F9266010889C}.Release|Any CPU.Build.0 = Release|Any CPU
		{23149893-E8A3-437C-B2A3-F9266010889C}.Release|x64.ActiveCfg = Release|Any CPU
		{23149893-E8A3-437C-B2A3-F9266010889C}.Release|x64.Build.0 = Release|Any CPU
		{23149893-E8A3-437C-B2A3-F9266010889C}.Release|x86.ActiveCfg = Release|Any CPU
		{23149893-E8A3-437C-B2A3-F9266010889C}.Release|x86.Build.0 = Release|Any CPU
		{9825867E-279F-4122-B8A5-D49A9DF9580C}.Debug|Any CPU.ActiveCfg = Debug|Any CPU
		{9825867E-279F-4122-B8A5-D49A9DF9580C}.Debug|Any CPU.Build.0 = Debug|Any CPU
		{9825867E-279F-4122-B8A5-D49A9DF9580C}.Debug|x64.ActiveCfg = Debug|Any CPU
		{9825867E-279F-4122-B8A5-D49A9DF9580C}.Debug|x64.Build.0 = Debug|Any CPU
		{9825867E-279F-4122-B8A5-D49A9DF9580C}.Debug|x86.ActiveCfg = Debug|Any CPU
		{9825867E-279F-4122-B8A5-D49A9DF9580C}.Debug|x86.Build.0 = Debug|Any CPU
		{9825867E-279F-4122-B8A5-D49A9DF9580C}.Release|Any CPU.ActiveCfg = Release|Any CPU
		{9825867E-279F-4122-B8A5-D49A9DF9580C}.Release|Any CPU.Build.0 = Release|Any CPU
		{9825867E-279F-4122-B8A5-D49A9DF9580C}.Release|x64.ActiveCfg = Release|Any CPU
		{9825867E-279F-4122-B8A5-D49A9DF9580C}.Release|x64.Build.0 = Release|Any CPU
		{9825867E-279F-4122-B8A5-D49A9DF9580C}.Release|x86.ActiveCfg = Release|Any CPU
		{9825867E-279F-4122-B8A5-D49A9DF9580C}.Release|x86.Build.0 = Release|Any CPU
		{C1D2E3F4-5678-90AB-CDEF-123456789012}.Debug|Any CPU.ActiveCfg = Debug|Any CPU
		{C1D2E3F4-5678-90AB-CDEF-123456789012}.Debug|Any CPU.Build.0 = Debug|Any CPU
		{C1D2E3F4-5678-90AB-CDEF-123456789012}.Debug|x64.ActiveCfg = Debug|Any CPU
		{C1D2E3F4-5678-90AB-CDEF-123456789012}.Debug|x64.Build.0 = Debug|Any CPU
		{C1D2E3F4-5678-90AB-CDEF-123456789012}.Debug|x86.ActiveCfg = Debug|Any CPU
		{C1D2E3F4-5678-90AB-CDEF-123456789012}.Debug|x86.Build.0 = Debug|Any CPU
		{C1D2E3F4-5678-90AB-CDEF-123456789012}.Release|Any CPU.ActiveCfg = Release|Any CPU
		{C1D2E3F4-5678-90AB-CDEF-123456789012}.Release|Any CPU.Build.0 = Release|Any CPU
		{C1D2E3F4-5678-90AB-CDEF-123456789012}.Release|x64.ActiveCfg = Release|Any CPU
		{C1D2E3F4-5678-90AB-CDEF-123456789012}.Release|x64.Build.0 = Release|Any CPU
		{C1D2E3F4-5678-90AB-CDEF-123456789012}.Release|x86.ActiveCfg = Release|Any CPU
		{C1D2E3F4-5678-90AB-CDEF-123456789012}.Release|x86.Build.0 = Release|Any CPU
		{D2E3F4C5-6789-01BC-DEF1-234567890123}.Debug|Any CPU.ActiveCfg = Debug|Any CPU
		{D2E3F4C5-6789-01BC-DEF1-234567890123}.Debug|Any CPU.Build.0 = Debug|Any CPU
		{D2E3F4C5-6789-01BC-DEF1-234567890123}.Debug|x64.ActiveCfg = Debug|Any CPU
		{D2E3F4C5-6789-01BC-DEF1-234567890123}.Debug|x64.Build.0 = Debug|Any CPU
		{D2E3F4C5-6789-01BC-DEF1-234567890123}.Debug|x86.ActiveCfg = Debug|Any CPU
		{D2E3F4C5-6789-01BC-DEF1-234567890123}.Debug|x86.Build.0 = Debug|Any CPU
		{D2E3F4C5-6789-01BC-DEF1-234567890123}.Release|Any CPU.ActiveCfg = Release|Any CPU
		{D2E3F4C5-6789-01BC-DEF1-234567890123}.Release|Any CPU.Build.0 = Release|Any CPU
		{D2E3F4C5-6789-01BC-DEF1-234567890123}.Release|x64.ActiveCfg = Release|Any CPU
		{D2E3F4C5-6789-01BC-DEF1-234567890123}.Release|x64.Build.0 = Release|Any CPU
		{D2E3F4C5-6789-01BC-DEF1-234567890123}.Release|x86.ActiveCfg = Release|Any CPU
		{D2E3F4C5-6789-01BC-DEF1-234567890123}.Release|x86.Build.0 = Release|Any CPU
		{E3F4C5D6-789A-12CD-EF12-345678901234}.Debug|Any CPU.ActiveCfg = Debug|Any CPU
		{E3F4C5D6-789A-12CD-EF12-345678901234}.Debug|Any CPU.Build.0 = Debug|Any CPU
		{E3F4C5D6-789A-12CD-EF12-345678901234}.Debug|x64.ActiveCfg = Debug|Any CPU
		{E3F4C5D6-789A-12CD-EF12-345678901234}.Debug|x64.Build.0 = Debug|Any CPU
		{E3F4C5D6-789A-12CD-EF12-345678901234}.Debug|x86.ActiveCfg = Debug|Any CPU
		{E3F4C5D6-789A-12CD-EF12-345678901234}.Debug|x86.Build.0 = Debug|Any CPU
		{E3F4C5D6-789A-12CD-EF12-345678901234}.Release|Any CPU.ActiveCfg = Release|Any CPU
		{E3F4C5D6-789A-12CD-EF12-345678901234}.Release|Any CPU.Build.0 = Release|Any CPU
		{E3F4C5D6-789A-12CD-EF12-345678901234}.Release|x64.ActiveCfg = Release|Any CPU
		{E3F4C5D6-789A-12CD-EF12-345678901234}.Release|x64.Build.0 = Release|Any CPU
		{E3F4C5D6-789A-12CD-EF12-345678901234}.Release|x86.ActiveCfg = Release|Any CPU
		{E3F4C5D6-789A-12CD-EF12-345678901234}.Release|x86.Build.0 = Release|Any CPU
		{F4C5D6E7-890B-23DE-F123-456789012345}.Debug|Any CPU.ActiveCfg = Debug|Any CPU
		{F4C5D6E7-890B-23DE-F123-456789012345}.Debug|Any CPU.Build.0 = Debug|Any CPU
		{F4C5D6E7-890B-23DE-F123-456789012345}.Debug|x64.ActiveCfg = Debug|Any CPU
		{F4C5D6E7-890B-23DE-F123-456789012345}.Debug|x64.Build.0 = Debug|Any CPU
		{F4C5D6E7-890B-23DE-F123-456789012345}.Debug|x86.ActiveCfg = Debug|Any CPU
		{F4C5D6E7-890B-23DE-F123-456789012345}.Debug|x86.Build.0 = Debug|Any CPU
		{F4C5D6E7-890B-23DE-F123-456789012345}.Release|Any CPU.ActiveCfg = Release|Any CPU
		{F4C5D6E7-890B-23DE-F123-456789012345}.Release|Any CPU.Build.0 = Release|Any CPU
		{F4C5D6E7-890B-23DE-F123-456789012345}.Release|x64.ActiveCfg = Release|Any CPU
		{F4C5D6E7-890B-23DE-F123-456789012345}.Release|x64.Build.0 = Release|Any CPU
		{F4C5D6E7-890B-23DE-F123-456789012345}.Release|x86.ActiveCfg = Release|Any CPU
		{F4C5D6E7-890B-23DE-F123-456789012345}.Release|x86.Build.0 = Release|Any CPU
		{5C72A714-FD1C-44F3-942B-0285C48C6C3F}.Debug|Any CPU.ActiveCfg = Debug|Any CPU
		{5C72A714-FD1C-44F3-942B-0285C48C6C3F}.Debug|Any CPU.Build.0 = Debug|Any CPU
		{5C72A714-FD1C-44F3-942B-0285C48C6C3F}.Debug|x64.ActiveCfg = Debug|Any CPU
		{5C72A714-FD1C-44F3-942B-0285C48C6C3F}.Debug|x64.Build.0 = Debug|Any CPU
		{5C72A714-FD1C-44F3-942B-0285C48C6C3F}.Debug|x86.ActiveCfg = Debug|Any CPU
		{5C72A714-FD1C-44F3-942B-0285C48C6C3F}.Debug|x86.Build.0 = Debug|Any CPU
		{5C72A714-FD1C-44F3-942B-0285C48C6C3F}.Release|Any CPU.ActiveCfg = Release|Any CPU
		{5C72A714-FD1C-44F3-942B-0285C48C6C3F}.Release|Any CPU.Build.0 = Release|Any CPU
		{5C72A714-FD1C-44F3-942B-0285C48C6C3F}.Release|x64.ActiveCfg = Release|Any CPU
		{5C72A714-FD1C-44F3-942B-0285C48C6C3F}.Release|x64.Build.0 = Release|Any CPU
		{5C72A714-FD1C-44F3-942B-0285C48C6C3F}.Release|x86.ActiveCfg = Release|Any CPU
		{5C72A714-FD1C-44F3-942B-0285C48C6C3F}.Release|x86.Build.0 = Release|Any CPU
	EndGlobalSection
	GlobalSection(SolutionProperties) = preSolution
		HideSolutionNode = FALSE
	EndGlobalSection
	GlobalSection(ExtensibilityGlobals) = postSolution
		SolutionGuid = {D9E00EAD-DFD0-413B-865B-DCCDD7BA2353}
	EndGlobalSection
EndGlobal
